// !$*UTF8*$!
{
	archiveVersion = 1;
	classes = {
	};
	objectVersion = 46;
	objects = {

/* Begin PBXBuildFile section */
		C80FE07A1326E5C800A5D803 /* Reachability.h in Headers */ = {isa = PBXBuildFile; fileRef = C80FE0781326E5C800A5D803 /* Reachability.h */; };
		C80FE07B1326E5C800A5D803 /* Reachability.m in Sources */ = {isa = PBXBuildFile; fileRef = C80FE0791326E5C800A5D803 /* Reachability.m */; };
		C81C29551326DDBD0048DD51 /* Foundation.framework in Frameworks */ = {isa = PBXBuildFile; fileRef = C8E5C1AE1315C44A005CED21 /* Foundation.framework */; };
		C81C295C1326DDD70048DD51 /* ENEchonest.m in Sources */ = {isa = PBXBuildFile; fileRef = C81C28DD1326C2350048DD51 /* ENEchonest.m */; };
		C81C295D1326DDE70048DD51 /* ENEchonest.h in Headers */ = {isa = PBXBuildFile; fileRef = C81C28DC1326C2350048DD51 /* ENEchonest.h */; settings = {ATTRIBUTES = (Public, ); }; };
		C88B24491326F33E00FB51FF /* NSMutableDictionary+QueryString.h in Headers */ = {isa = PBXBuildFile; fileRef = C88B24471326F33E00FB51FF /* NSMutableDictionary+QueryString.h */; };
		C88B244A1326F33E00FB51FF /* NSMutableDictionary+QueryString.m in Sources */ = {isa = PBXBuildFile; fileRef = C88B24481326F33E00FB51FF /* NSMutableDictionary+QueryString.m */; };
		C88C47481329B96900D1A8B9 /* ENAPIRequest.h in Headers */ = {isa = PBXBuildFile; fileRef = C88C47461329B96900D1A8B9 /* ENAPIRequest.h */; };
		C88C47491329B96900D1A8B9 /* ENAPIRequest.m in Sources */ = {isa = PBXBuildFile; fileRef = C88C47471329B96900D1A8B9 /* ENAPIRequest.m */; };
		C88C47601329C3F600D1A8B9 /* ASIAuthenticationDialog.h in Headers */ = {isa = PBXBuildFile; fileRef = C88C474C1329C3F600D1A8B9 /* ASIAuthenticationDialog.h */; };
		C88C47611329C3F600D1A8B9 /* ASIAuthenticationDialog.m in Sources */ = {isa = PBXBuildFile; fileRef = C88C474D1329C3F600D1A8B9 /* ASIAuthenticationDialog.m */; };
		C88C47621329C3F600D1A8B9 /* ASICacheDelegate.h in Headers */ = {isa = PBXBuildFile; fileRef = C88C474E1329C3F600D1A8B9 /* ASICacheDelegate.h */; };
		C88C47631329C3F600D1A8B9 /* ASIDataCompressor.h in Headers */ = {isa = PBXBuildFile; fileRef = C88C474F1329C3F600D1A8B9 /* ASIDataCompressor.h */; };
		C88C47641329C3F600D1A8B9 /* ASIDataCompressor.m in Sources */ = {isa = PBXBuildFile; fileRef = C88C47501329C3F600D1A8B9 /* ASIDataCompressor.m */; };
		C88C47651329C3F600D1A8B9 /* ASIDataDecompressor.h in Headers */ = {isa = PBXBuildFile; fileRef = C88C47511329C3F600D1A8B9 /* ASIDataDecompressor.h */; };
		C88C47661329C3F600D1A8B9 /* ASIDataDecompressor.m in Sources */ = {isa = PBXBuildFile; fileRef = C88C47521329C3F600D1A8B9 /* ASIDataDecompressor.m */; };
		C88C47671329C3F600D1A8B9 /* ASIDownloadCache.h in Headers */ = {isa = PBXBuildFile; fileRef = C88C47531329C3F600D1A8B9 /* ASIDownloadCache.h */; };
		C88C47681329C3F600D1A8B9 /* ASIDownloadCache.m in Sources */ = {isa = PBXBuildFile; fileRef = C88C47541329C3F600D1A8B9 /* ASIDownloadCache.m */; };
		C88C47691329C3F600D1A8B9 /* ASIFormDataRequest.h in Headers */ = {isa = PBXBuildFile; fileRef = C88C47551329C3F600D1A8B9 /* ASIFormDataRequest.h */; };
		C88C476A1329C3F600D1A8B9 /* ASIFormDataRequest.m in Sources */ = {isa = PBXBuildFile; fileRef = C88C47561329C3F600D1A8B9 /* ASIFormDataRequest.m */; };
		C88C476B1329C3F600D1A8B9 /* ASIHTTPRequest.h in Headers */ = {isa = PBXBuildFile; fileRef = C88C47571329C3F600D1A8B9 /* ASIHTTPRequest.h */; };
		C88C476C1329C3F600D1A8B9 /* ASIHTTPRequest.m in Sources */ = {isa = PBXBuildFile; fileRef = C88C47581329C3F600D1A8B9 /* ASIHTTPRequest.m */; };
		C88C476D1329C3F600D1A8B9 /* ASIHTTPRequestConfig.h in Headers */ = {isa = PBXBuildFile; fileRef = C88C47591329C3F600D1A8B9 /* ASIHTTPRequestConfig.h */; };
		C88C476E1329C3F600D1A8B9 /* ASIHTTPRequestDelegate.h in Headers */ = {isa = PBXBuildFile; fileRef = C88C475A1329C3F600D1A8B9 /* ASIHTTPRequestDelegate.h */; };
		C88C476F1329C3F600D1A8B9 /* ASIInputStream.h in Headers */ = {isa = PBXBuildFile; fileRef = C88C475B1329C3F600D1A8B9 /* ASIInputStream.h */; };
		C88C47701329C3F600D1A8B9 /* ASIInputStream.m in Sources */ = {isa = PBXBuildFile; fileRef = C88C475C1329C3F600D1A8B9 /* ASIInputStream.m */; };
		C88C47711329C3F600D1A8B9 /* ASINetworkQueue.h in Headers */ = {isa = PBXBuildFile; fileRef = C88C475D1329C3F600D1A8B9 /* ASINetworkQueue.h */; };
		C88C47721329C3F600D1A8B9 /* ASINetworkQueue.m in Sources */ = {isa = PBXBuildFile; fileRef = C88C475E1329C3F600D1A8B9 /* ASINetworkQueue.m */; };
		C88C47731329C3F600D1A8B9 /* ASIProgressDelegate.h in Headers */ = {isa = PBXBuildFile; fileRef = C88C475F1329C3F600D1A8B9 /* ASIProgressDelegate.h */; };
/* End PBXBuildFile section */

/* Begin PBXFileReference section */
		C80FE0781326E5C800A5D803 /* Reachability.h */ = {isa = PBXFileReference; fileEncoding = 4; lastKnownFileType = sourcecode.c.h; path = Reachability.h; sourceTree = "<group>"; };
		C80FE0791326E5C800A5D803 /* Reachability.m */ = {isa = PBXFileReference; fileEncoding = 4; lastKnownFileType = sourcecode.c.objc; path = Reachability.m; sourceTree = "<group>"; };
		C81C28DC1326C2350048DD51 /* ENEchonest.h */ = {isa = PBXFileReference; fileEncoding = 4; lastKnownFileType = sourcecode.c.h; name = ENEchonest.h; path = libechonest/src/ENEchonest.h; sourceTree = "<group>"; };
		C81C28DD1326C2350048DD51 /* ENEchonest.m */ = {isa = PBXFileReference; fileEncoding = 4; lastKnownFileType = sourcecode.c.objc; name = ENEchonest.m; path = libechonest/src/ENEchonest.m; sourceTree = "<group>"; };
		C81C29541326DDBD0048DD51 /* liblibechonest.a */ = {isa = PBXFileReference; explicitFileType = archive.ar; includeInIndex = 0; path = liblibechonest.a; sourceTree = BUILT_PRODUCTS_DIR; };
		C88B24471326F33E00FB51FF /* NSMutableDictionary+QueryString.h */ = {isa = PBXFileReference; fileEncoding = 4; lastKnownFileType = sourcecode.c.h; name = "NSMutableDictionary+QueryString.h"; path = "libechonest/src/NSMutableDictionary+QueryString.h"; sourceTree = "<group>"; };
		C88B24481326F33E00FB51FF /* NSMutableDictionary+QueryString.m */ = {isa = PBXFileReference; fileEncoding = 4; lastKnownFileType = sourcecode.c.objc; name = "NSMutableDictionary+QueryString.m"; path = "libechonest/src/NSMutableDictionary+QueryString.m"; sourceTree = "<group>"; };
		C88C47461329B96900D1A8B9 /* ENAPIRequest.h */ = {isa = PBXFileReference; fileEncoding = 4; lastKnownFileType = sourcecode.c.h; name = ENAPIRequest.h; path = libechonest/src/ENAPIRequest.h; sourceTree = "<group>"; };
		C88C47471329B96900D1A8B9 /* ENAPIRequest.m */ = {isa = PBXFileReference; fileEncoding = 4; lastKnownFileType = sourcecode.c.objc; name = ENAPIRequest.m; path = libechonest/src/ENAPIRequest.m; sourceTree = "<group>"; };
		C88C474C1329C3F600D1A8B9 /* ASIAuthenticationDialog.h */ = {isa = PBXFileReference; fileEncoding = 4; lastKnownFileType = sourcecode.c.h; path = ASIAuthenticationDialog.h; sourceTree = "<group>"; };
		C88C474D1329C3F600D1A8B9 /* ASIAuthenticationDialog.m */ = {isa = PBXFileReference; fileEncoding = 4; lastKnownFileType = sourcecode.c.objc; path = ASIAuthenticationDialog.m; sourceTree = "<group>"; };
		C88C474E1329C3F600D1A8B9 /* ASICacheDelegate.h */ = {isa = PBXFileReference; fileEncoding = 4; lastKnownFileType = sourcecode.c.h; path = ASICacheDelegate.h; sourceTree = "<group>"; };
		C88C474F1329C3F600D1A8B9 /* ASIDataCompressor.h */ = {isa = PBXFileReference; fileEncoding = 4; lastKnownFileType = sourcecode.c.h; path = ASIDataCompressor.h; sourceTree = "<group>"; };
		C88C47501329C3F600D1A8B9 /* ASIDataCompressor.m */ = {isa = PBXFileReference; fileEncoding = 4; lastKnownFileType = sourcecode.c.objc; path = ASIDataCompressor.m; sourceTree = "<group>"; };
		C88C47511329C3F600D1A8B9 /* ASIDataDecompressor.h */ = {isa = PBXFileReference; fileEncoding = 4; lastKnownFileType = sourcecode.c.h; path = ASIDataDecompressor.h; sourceTree = "<group>"; };
		C88C47521329C3F600D1A8B9 /* ASIDataDecompressor.m */ = {isa = PBXFileReference; fileEncoding = 4; lastKnownFileType = sourcecode.c.objc; path = ASIDataDecompressor.m; sourceTree = "<group>"; };
		C88C47531329C3F600D1A8B9 /* ASIDownloadCache.h */ = {isa = PBXFileReference; fileEncoding = 4; lastKnownFileType = sourcecode.c.h; path = ASIDownloadCache.h; sourceTree = "<group>"; };
		C88C47541329C3F600D1A8B9 /* ASIDownloadCache.m */ = {isa = PBXFileReference; fileEncoding = 4; lastKnownFileType = sourcecode.c.objc; path = ASIDownloadCache.m; sourceTree = "<group>"; };
		C88C47551329C3F600D1A8B9 /* ASIFormDataRequest.h */ = {isa = PBXFileReference; fileEncoding = 4; lastKnownFileType = sourcecode.c.h; path = ASIFormDataRequest.h; sourceTree = "<group>"; };
		C88C47561329C3F600D1A8B9 /* ASIFormDataRequest.m */ = {isa = PBXFileReference; fileEncoding = 4; lastKnownFileType = sourcecode.c.objc; path = ASIFormDataRequest.m; sourceTree = "<group>"; };
		C88C47571329C3F600D1A8B9 /* ASIHTTPRequest.h */ = {isa = PBXFileReference; fileEncoding = 4; lastKnownFileType = sourcecode.c.h; path = ASIHTTPRequest.h; sourceTree = "<group>"; };
		C88C47581329C3F600D1A8B9 /* ASIHTTPRequest.m */ = {isa = PBXFileReference; fileEncoding = 4; lastKnownFileType = sourcecode.c.objc; path = ASIHTTPRequest.m; sourceTree = "<group>"; };
		C88C47591329C3F600D1A8B9 /* ASIHTTPRequestConfig.h */ = {isa = PBXFileReference; fileEncoding = 4; lastKnownFileType = sourcecode.c.h; path = ASIHTTPRequestConfig.h; sourceTree = "<group>"; };
		C88C475A1329C3F600D1A8B9 /* ASIHTTPRequestDelegate.h */ = {isa = PBXFileReference; fileEncoding = 4; lastKnownFileType = sourcecode.c.h; path = ASIHTTPRequestDelegate.h; sourceTree = "<group>"; };
		C88C475B1329C3F600D1A8B9 /* ASIInputStream.h */ = {isa = PBXFileReference; fileEncoding = 4; lastKnownFileType = sourcecode.c.h; path = ASIInputStream.h; sourceTree = "<group>"; };
		C88C475C1329C3F600D1A8B9 /* ASIInputStream.m */ = {isa = PBXFileReference; fileEncoding = 4; lastKnownFileType = sourcecode.c.objc; path = ASIInputStream.m; sourceTree = "<group>"; };
		C88C475D1329C3F600D1A8B9 /* ASINetworkQueue.h */ = {isa = PBXFileReference; fileEncoding = 4; lastKnownFileType = sourcecode.c.h; path = ASINetworkQueue.h; sourceTree = "<group>"; };
		C88C475E1329C3F600D1A8B9 /* ASINetworkQueue.m */ = {isa = PBXFileReference; fileEncoding = 4; lastKnownFileType = sourcecode.c.objc; path = ASINetworkQueue.m; sourceTree = "<group>"; };
		C88C475F1329C3F600D1A8B9 /* ASIProgressDelegate.h */ = {isa = PBXFileReference; fileEncoding = 4; lastKnownFileType = sourcecode.c.h; path = ASIProgressDelegate.h; sourceTree = "<group>"; };
		C8E5C1AE1315C44A005CED21 /* Foundation.framework */ = {isa = PBXFileReference; lastKnownFileType = wrapper.framework; name = Foundation.framework; path = System/Library/Frameworks/Foundation.framework; sourceTree = SDKROOT; };
		C8E5C1B21315C44A005CED21 /* libechonest-Prefix.pch */ = {isa = PBXFileReference; lastKnownFileType = sourcecode.c.h; path = "libechonest-Prefix.pch"; sourceTree = "<group>"; };
		C8E5C1B91315C44B005CED21 /* UIKit.framework */ = {isa = PBXFileReference; lastKnownFileType = wrapper.framework; name = UIKit.framework; path = System/Library/Frameworks/UIKit.framework; sourceTree = SDKROOT; };
		C8E5C1BC1315C44B005CED21 /* CoreGraphics.framework */ = {isa = PBXFileReference; lastKnownFileType = wrapper.framework; name = CoreGraphics.framework; path = System/Library/Frameworks/CoreGraphics.framework; sourceTree = SDKROOT; };
/* End PBXFileReference section */

/* Begin PBXFrameworksBuildPhase section */
		C81C29511326DDBD0048DD51 /* Frameworks */ = {
			isa = PBXFrameworksBuildPhase;
			buildActionMask = 2147483647;
			files = (
				C81C29551326DDBD0048DD51 /* Foundation.framework in Frameworks */,
			);
			runOnlyForDeploymentPostprocessing = 0;
		};
/* End PBXFrameworksBuildPhase section */

/* Begin PBXGroup section */
		C80FE0761326E57900A5D803 /* libs */ = {
			isa = PBXGroup;
			children = (
				C88C474B1329C3F600D1A8B9 /* asi-http-request */,
				C80FE0771326E5C800A5D803 /* Reachability */,
			);
			name = libs;
			sourceTree = "<group>";
		};
		C80FE0771326E5C800A5D803 /* Reachability */ = {
			isa = PBXGroup;
			children = (
				C80FE0781326E5C800A5D803 /* Reachability.h */,
				C80FE0791326E5C800A5D803 /* Reachability.m */,
			);
			name = Reachability;
			path = libechonest/libs/Reachability;
			sourceTree = "<group>";
		};
		C88C474B1329C3F600D1A8B9 /* asi-http-request */ = {
			isa = PBXGroup;
			children = (
				C88C474C1329C3F600D1A8B9 /* ASIAuthenticationDialog.h */,
				C88C474D1329C3F600D1A8B9 /* ASIAuthenticationDialog.m */,
				C88C474E1329C3F600D1A8B9 /* ASICacheDelegate.h */,
				C88C474F1329C3F600D1A8B9 /* ASIDataCompressor.h */,
				C88C47501329C3F600D1A8B9 /* ASIDataCompressor.m */,
				C88C47511329C3F600D1A8B9 /* ASIDataDecompressor.h */,
				C88C47521329C3F600D1A8B9 /* ASIDataDecompressor.m */,
				C88C47531329C3F600D1A8B9 /* ASIDownloadCache.h */,
				C88C47541329C3F600D1A8B9 /* ASIDownloadCache.m */,
				C88C47551329C3F600D1A8B9 /* ASIFormDataRequest.h */,
				C88C47561329C3F600D1A8B9 /* ASIFormDataRequest.m */,
				C88C47571329C3F600D1A8B9 /* ASIHTTPRequest.h */,
				C88C47581329C3F600D1A8B9 /* ASIHTTPRequest.m */,
				C88C47591329C3F600D1A8B9 /* ASIHTTPRequestConfig.h */,
				C88C475A1329C3F600D1A8B9 /* ASIHTTPRequestDelegate.h */,
				C88C475B1329C3F600D1A8B9 /* ASIInputStream.h */,
				C88C475C1329C3F600D1A8B9 /* ASIInputStream.m */,
				C88C475D1329C3F600D1A8B9 /* ASINetworkQueue.h */,
				C88C475E1329C3F600D1A8B9 /* ASINetworkQueue.m */,
				C88C475F1329C3F600D1A8B9 /* ASIProgressDelegate.h */,
			);
			name = "asi-http-request";
			path = "libechonest/src/asi-http-request";
			sourceTree = "<group>";
		};
		C8E5C1A01315C44A005CED21 = {
			isa = PBXGroup;
			children = (
				C88C47461329B96900D1A8B9 /* ENAPIRequest.h */,
				C88C47471329B96900D1A8B9 /* ENAPIRequest.m */,
				C81C28DC1326C2350048DD51 /* ENEchonest.h */,
				C81C28DD1326C2350048DD51 /* ENEchonest.m */,
				C88B24471326F33E00FB51FF /* NSMutableDictionary+QueryString.h */,
				C88B24481326F33E00FB51FF /* NSMutableDictionary+QueryString.m */,
				C80FE0761326E57900A5D803 /* libs */,
				C8E5C1B01315C44A005CED21 /* libechonest */,
				C8E5C1AD1315C44A005CED21 /* Frameworks */,
				C8E5C1AC1315C44A005CED21 /* Products */,
			);
			sourceTree = "<group>";
		};
		C8E5C1AC1315C44A005CED21 /* Products */ = {
			isa = PBXGroup;
			children = (
				C81C29541326DDBD0048DD51 /* liblibechonest.a */,
			);
			name = Products;
			sourceTree = "<group>";
		};
		C8E5C1AD1315C44A005CED21 /* Frameworks */ = {
			isa = PBXGroup;
			children = (
				C8E5C1AE1315C44A005CED21 /* Foundation.framework */,
				C8E5C1B91315C44B005CED21 /* UIKit.framework */,
				C8E5C1BC1315C44B005CED21 /* CoreGraphics.framework */,
			);
			name = Frameworks;
			sourceTree = "<group>";
		};
		C8E5C1B01315C44A005CED21 /* libechonest */ = {
			isa = PBXGroup;
			children = (
				C8E5C1B11315C44A005CED21 /* Supporting Files */,
			);
			path = libechonest;
			sourceTree = "<group>";
		};
		C8E5C1B11315C44A005CED21 /* Supporting Files */ = {
			isa = PBXGroup;
			children = (
				C8E5C1B21315C44A005CED21 /* libechonest-Prefix.pch */,
			);
			name = "Supporting Files";
			sourceTree = "<group>";
		};
/* End PBXGroup section */

/* Begin PBXHeadersBuildPhase section */
		C81C29521326DDBD0048DD51 /* Headers */ = {
			isa = PBXHeadersBuildPhase;
			buildActionMask = 2147483647;
			files = (
				C81C295D1326DDE70048DD51 /* ENEchonest.h in Headers */,
				C80FE07A1326E5C800A5D803 /* Reachability.h in Headers */,
				C88B24491326F33E00FB51FF /* NSMutableDictionary+QueryString.h in Headers */,
				C88C47481329B96900D1A8B9 /* ENAPIRequest.h in Headers */,
				C88C47601329C3F600D1A8B9 /* ASIAuthenticationDialog.h in Headers */,
				C88C47621329C3F600D1A8B9 /* ASICacheDelegate.h in Headers */,
				C88C47631329C3F600D1A8B9 /* ASIDataCompressor.h in Headers */,
				C88C47651329C3F600D1A8B9 /* ASIDataDecompressor.h in Headers */,
				C88C47671329C3F600D1A8B9 /* ASIDownloadCache.h in Headers */,
				C88C47691329C3F600D1A8B9 /* ASIFormDataRequest.h in Headers */,
				C88C476B1329C3F600D1A8B9 /* ASIHTTPRequest.h in Headers */,
				C88C476D1329C3F600D1A8B9 /* ASIHTTPRequestConfig.h in Headers */,
				C88C476E1329C3F600D1A8B9 /* ASIHTTPRequestDelegate.h in Headers */,
				C88C476F1329C3F600D1A8B9 /* ASIInputStream.h in Headers */,
				C88C47711329C3F600D1A8B9 /* ASINetworkQueue.h in Headers */,
				C88C47731329C3F600D1A8B9 /* ASIProgressDelegate.h in Headers */,
			);
			runOnlyForDeploymentPostprocessing = 0;
		};
/* End PBXHeadersBuildPhase section */

/* Begin PBXNativeTarget section */
		C81C29531326DDBD0048DD51 /* libechonest */ = {
			isa = PBXNativeTarget;
			buildConfigurationList = C81C29591326DDBD0048DD51 /* Build configuration list for PBXNativeTarget "libechonest" */;
			buildPhases = (
				C81C29501326DDBD0048DD51 /* Sources */,
				C81C29511326DDBD0048DD51 /* Frameworks */,
				C81C29521326DDBD0048DD51 /* Headers */,
			);
			buildRules = (
			);
			dependencies = (
			);
			name = libechonest;
			productName = libechonest;
			productReference = C81C29541326DDBD0048DD51 /* liblibechonest.a */;
			productType = "com.apple.product-type.library.static";
		};
/* End PBXNativeTarget section */

/* Begin PBXProject section */
		C8E5C1A21315C44A005CED21 /* Project object */ = {
			isa = PBXProject;
			buildConfigurationList = C8E5C1A51315C44A005CED21 /* Build configuration list for PBXProject "libechonest" */;
			compatibilityVersion = "Xcode 3.2";
			developmentRegion = English;
			hasScannedForEncodings = 0;
			knownRegions = (
				en,
			);
			mainGroup = C8E5C1A01315C44A005CED21;
			productRefGroup = C8E5C1AC1315C44A005CED21 /* Products */;
			projectDirPath = "";
			projectRoot = "";
			targets = (
				C81C29531326DDBD0048DD51 /* libechonest */,
			);
		};
/* End PBXProject section */

/* Begin PBXSourcesBuildPhase section */
		C81C29501326DDBD0048DD51 /* Sources */ = {
			isa = PBXSourcesBuildPhase;
			buildActionMask = 2147483647;
			files = (
				C81C295C1326DDD70048DD51 /* ENEchonest.m in Sources */,
				C80FE07B1326E5C800A5D803 /* Reachability.m in Sources */,
				C88B244A1326F33E00FB51FF /* NSMutableDictionary+QueryString.m in Sources */,
				C88C47491329B96900D1A8B9 /* ENAPIRequest.m in Sources */,
				C88C47611329C3F600D1A8B9 /* ASIAuthenticationDialog.m in Sources */,
				C88C47641329C3F600D1A8B9 /* ASIDataCompressor.m in Sources */,
				C88C47661329C3F600D1A8B9 /* ASIDataDecompressor.m in Sources */,
				C88C47681329C3F600D1A8B9 /* ASIDownloadCache.m in Sources */,
				C88C476A1329C3F600D1A8B9 /* ASIFormDataRequest.m in Sources */,
				C88C476C1329C3F600D1A8B9 /* ASIHTTPRequest.m in Sources */,
				C88C47701329C3F600D1A8B9 /* ASIInputStream.m in Sources */,
				C88C47721329C3F600D1A8B9 /* ASINetworkQueue.m in Sources */,
			);
			runOnlyForDeploymentPostprocessing = 0;
		};
/* End PBXSourcesBuildPhase section */

/* Begin XCBuildConfiguration section */
		C81C295A1326DDBD0048DD51 /* Debug */ = {
			isa = XCBuildConfiguration;
			buildSettings = {
				ALWAYS_SEARCH_USER_PATHS = NO;
				DSTROOT = /tmp/libechonest.dst;
				GCC_PRECOMPILE_PREFIX_HEADER = YES;
				GCC_PREFIX_HEADER = "libechonest/libechonest-Prefix.pch";
				OTHER_LDFLAGS = "-ObjC";
				PRODUCT_NAME = "$(TARGET_NAME)";
			};
			name = Debug;
		};
		C81C295B1326DDBD0048DD51 /* Release */ = {
			isa = XCBuildConfiguration;
			buildSettings = {
				ALWAYS_SEARCH_USER_PATHS = NO;
				DSTROOT = /tmp/libechonest.dst;
				GCC_PRECOMPILE_PREFIX_HEADER = YES;
				GCC_PREFIX_HEADER = "libechonest/libechonest-Prefix.pch";
				OTHER_LDFLAGS = "-ObjC";
				PRODUCT_NAME = "$(TARGET_NAME)";
			};
			name = Release;
		};
		C8E5C1CC1315C44B005CED21 /* Debug */ = {
			isa = XCBuildConfiguration;
			buildSettings = {
				ARCHS = "$(ARCHS_STANDARD_32_BIT)";
				GCC_C_LANGUAGE_STANDARD = gnu99;
				GCC_OPTIMIZATION_LEVEL = 0;
				GCC_PREPROCESSOR_DEFINITIONS = DEBUG;
				GCC_VERSION = com.apple.compilers.llvmgcc42;
				GCC_WARN_ABOUT_RETURN_TYPE = YES;
				GCC_WARN_UNUSED_VARIABLE = YES;
				IPHONEOS_DEPLOYMENT_TARGET = 4.2;
				SDKROOT = iphoneos;
			};
			name = Debug;
		};
		C8E5C1CD1315C44B005CED21 /* Release */ = {
			isa = XCBuildConfiguration;
			buildSettings = {
				ARCHS = "$(ARCHS_STANDARD_32_BIT)";
				GCC_C_LANGUAGE_STANDARD = gnu99;
				GCC_VERSION = com.apple.compilers.llvmgcc42;
				GCC_WARN_ABOUT_RETURN_TYPE = YES;
				GCC_WARN_UNUSED_VARIABLE = YES;
				IPHONEOS_DEPLOYMENT_TARGET = 4.2;
				SDKROOT = iphoneos;
			};
			name = Release;
		};
/* End XCBuildConfiguration section */

/* Begin XCConfigurationList section */
		C81C29591326DDBD0048DD51 /* Build configuration list for PBXNativeTarget "libechonest" */ = {
			isa = XCConfigurationList;
			buildConfigurations = (
				C81C295A1326DDBD0048DD51 /* Debug */,
				C81C295B1326DDBD0048DD51 /* Release */,
			);
			defaultConfigurationIsVisible = 0;
			defaultConfigurationName = Release;
		};
		C8E5C1A51315C44A005CED21 /* Build configuration list for PBXProject "libechonest" */ = {
			isa = XCConfigurationList;
			buildConfigurations = (
				C8E5C1CC1315C44B005CED21 /* Debug */,
				C8E5C1CD1315C44B005CED21 /* Release */,
			);
			defaultConfigurationIsVisible = 0;
			defaultConfigurationName = Release;
		};
/* End XCConfigurationList section */
	};
	rootObject = C8E5C1A21315C44A005CED21 /* Project object */;
}
